
Microsoft Visual Studio Solution File, Format Version 12.00
# Visual Studio Version 16
VisualStudioVersion = 16.0.31105.61
MinimumVisualStudioVersion = 10.0.40219.1
Project("{888888A0-9F3D-457C-B088-3A5042F75D52}") = "Week5", "Week5.pyproj", "{E36361F0-571C-4778-A963-53396F2E3F08}"
EndProject
Global
	GlobalSection(SolutionConfigurationPlatforms) = preSolution
		Debug|Any CPU = Debug|Any CPU
		Release|Any CPU = Release|Any CPU
	EndGlobalSection
	GlobalSection(ProjectConfigurationPlatforms) = postSolution
		{E36361F0-571C-4778-A963-53396F2E3F08}.Debug|Any CPU.ActiveCfg = Debug|Any CPU
		{E36361F0-571C-4778-A963-53396F2E3F08}.Debug|Any CPU.Build.0 = Debug|Any CPU
		{E36361F0-571C-4778-A963-53396F2E3F08}.Release|Any CPU.ActiveCfg = Release|Any CPU
		{E36361F0-571C-4778-A963-53396F2E3F08}.Release|Any CPU.Build.0 = Release|Any CPU
	EndGlobalSection
	GlobalSection(SolutionProperties) = preSolution
		HideSolutionNode = FALSE
	EndGlobalSection
	GlobalSection(ExtensibilityGlobals) = postSolution
		SolutionGuid = {AD1ACE50-2ADE-4F11-8559-4C61701996C0}
	EndGlobalSection
EndGlobal
